# This file was autogenerated by Stack.
# You should not edit this file by hand.
# For more information, please see the documentation at:
#   https://docs.haskellstack.org/en/stable/lock_files

packages:
- completed:
    hackage: aeson-1.5.6.0@sha256:d3e76872f8634c9cd33eb128d6c4dd1bf0cc8d71d1f32055d774490d5f6dedf8,6786
    pantry-tree:
      size: 37981
      sha256: 10dbaacb905db0c0b0602cc3045d91079c3ca8eb981c356864a4a68cf2cf9784
  original:
    hackage: aeson-1.5.6.0
snapshots:
- completed:
    size: 567037
    url: https://raw.githubusercontent.com/commercialhaskell/stackage-snapshots/master/lts/17/9.yaml
    sha256: d7d8d5106e53d1669964bd8bd2b0f88a5ad192d772f5376384b76738fd992311
  original:
    url: https://raw.githubusercontent.com/commercialhaskell/stackage-snapshots/master/lts/17/9.yaml
